
Microsoft Visual Studio Solution File, Format Version 12.00
# Visual Studio Version 17
VisualStudioVersion = 17.5.33627.172
MinimumVisualStudioVersion = 10.0.40219.1
Project("{9A19103F-16F7-4668-BE54-9A1E7A4F7556}") = "ExcerciseTwo", "ExcerciseTwo\ExcerciseTwo.csproj", "{84659372-0276-4F4F-8604-4F79672967FE}"
EndProject
Project("{9A19103F-16F7-4668-BE54-9A1E7A4F7556}") = "ExcerciseTwoTests", "ExcerciseTwoTests\ExcerciseTwoTests.csproj", "{A9ACC99B-C71A-4FCD-AB7A-4BE4000ACF9E}"
EndProject
Global
	GlobalSection(SolutionConfigurationPlatforms) = preSolution
		Debug|Any CPU = Debug|Any CPU
		Release|Any CPU = Release|Any CPU
	EndGlobalSection
	GlobalSection(ProjectConfigurationPlatforms) = postSolution
		{84659372-0276-4F4F-8604-4F79672967FE}.Debug|Any CPU.ActiveCfg = Debug|Any CPU
		{84659372-0276-4F4F-8604-4F79672967FE}.Debug|Any CPU.Build.0 = Debug|Any CPU
		{84659372-0276-4F4F-8604-4F79672967FE}.Release|Any CPU.ActiveCfg = Release|Any CPU
		{84659372-0276-4F4F-8604-4F79672967FE}.Release|Any CPU.Build.0 = Release|Any CPU
		{A9ACC99B-C71A-4FCD-AB7A-4BE4000ACF9E}.Debug|Any CPU.ActiveCfg = Debug|Any CPU
		{A9ACC99B-C71A-4FCD-AB7A-4BE4000ACF9E}.Debug|Any CPU.Build.0 = Debug|Any CPU
		{A9ACC99B-C71A-4FCD-AB7A-4BE4000ACF9E}.Release|Any CPU.ActiveCfg = Release|Any CPU
		{A9ACC99B-C71A-4FCD-AB7A-4BE4000ACF9E}.Release|Any CPU.Build.0 = Release|Any CPU
	EndGlobalSection
	GlobalSection(SolutionProperties) = preSolution
		HideSolutionNode = FALSE
	EndGlobalSection
	GlobalSection(ExtensibilityGlobals) = postSolution
		SolutionGuid = {78D7C459-5E87-4FA7-B7E9-F4FA5DCD6B5B}
	EndGlobalSection
EndGlobal
